
Microsoft Visual Studio Solution File, Format Version 12.00
# Visual Studio Version 17
VisualStudioVersion = 17.14.36310.24 d17.14
MinimumVisualStudioVersion = 10.0.40219.1
Project("{FAE04EC0-301F-11D3-BF4B-00C04F79EFBC}") = "RealEstateCRMWinForms", "RealEstateCRMWinForms\RealEstateCRMWinForms.csproj", "{8B01F721-BF82-421D-8BED-2DC36310E931}"
EndProject
Global
	GlobalSection(SolutionConfigurationPlatforms) = preSolution
		Debug|Any CPU = Debug|Any CPU
		Release|Any CPU = Release|Any CPU
	EndGlobalSection
	GlobalSection(ProjectConfigurationPlatforms) = postSolution
		{8B01F721-BF82-421D-8BED-2DC36310E931}.Debug|Any CPU.ActiveCfg = Debug|Any CPU
		{8B01F721-BF82-421D-8BED-2DC36310E931}.Debug|Any CPU.Build.0 = Debug|Any CPU
		{8B01F721-BF82-421D-8BED-2DC36310E931}.Release|Any CPU.ActiveCfg = Release|Any CPU
		{8B01F721-BF82-421D-8BED-2DC36310E931}.Release|Any CPU.Build.0 = Release|Any CPU
	EndGlobalSection
	GlobalSection(SolutionProperties) = preSolution
		HideSolutionNode = FALSE
	EndGlobalSection
	GlobalSection(ExtensibilityGlobals) = postSolution
		SolutionGuid = {6E1D49C5-86E3-4F97-ACEC-5A417529C0E0}
	EndGlobalSection
EndGlobal
